
Microsoft Visual Studio Solution File, Format Version 12.00
# Visual Studio Version 16
VisualStudioVersion = 16.0.29920.165
MinimumVisualStudioVersion = 10.0.40219.1
Project("{FAE04EC0-301F-11D3-BF4B-00C04F79EFBC}") = "p4lab5", "p41003\p4lab5.csproj", "{CE80F648-6444-4AB6-A46B-5B70C0874471}"
EndProject
Global
	GlobalSection(SolutionConfigurationPlatforms) = preSolution
		Debug|Any CPU = Debug|Any CPU
		Release|Any CPU = Release|Any CPU
	EndGlobalSection
	GlobalSection(ProjectConfigurationPlatforms) = postSolution
		{CE80F648-6444-4AB6-A46B-5B70C0874471}.Debug|Any CPU.ActiveCfg = Debug|Any CPU
		{CE80F648-6444-4AB6-A46B-5B70C0874471}.Debug|Any CPU.Build.0 = Debug|Any CPU
		{CE80F648-6444-4AB6-A46B-5B70C0874471}.Release|Any CPU.ActiveCfg = Release|Any CPU
		{CE80F648-6444-4AB6-A46B-5B70C0874471}.Release|Any CPU.Build.0 = Release|Any CPU
	EndGlobalSection
	GlobalSection(SolutionProperties) = preSolution
		HideSolutionNode = FALSE
	EndGlobalSection
	GlobalSection(ExtensibilityGlobals) = postSolution
		SolutionGuid = {446033F9-F0CB-4EA9-8560-D5906A7E92EA}
	EndGlobalSection
EndGlobal
